
Microsoft Visual Studio Solution File, Format Version 12.00
# Visual Studio Version 17
VisualStudioVersion = 17.0.31903.59
MinimumVisualStudioVersion = 10.0.40219.1
Project("{FAE04EC0-301F-11D3-BF4B-00C04F79EFBC}") = "DurangoInteropDotnet", "src\DurangoInteropDotnet.csproj", "{38F46262-5C51-4D81-B3E3-716FDD6B0A65}"
EndProject
Global
	GlobalSection(SolutionConfigurationPlatforms) = preSolution
		Debug|Any CPU = Debug|Any CPU
		Release|Any CPU = Release|Any CPU
	EndGlobalSection
	GlobalSection(SolutionProperties) = preSolution
		HideSolutionNode = FALSE
	EndGlobalSection
	GlobalSection(ProjectConfigurationPlatforms) = postSolution
		{38F46262-5C51-4D81-B3E3-716FDD6B0A65}.Debug|Any CPU.ActiveCfg = Debug|Any CPU
		{38F46262-5C51-4D81-B3E3-716FDD6B0A65}.Debug|Any CPU.Build.0 = Debug|Any CPU
		{38F46262-5C51-4D81-B3E3-716FDD6B0A65}.Release|Any CPU.ActiveCfg = Release|Any CPU
		{38F46262-5C51-4D81-B3E3-716FDD6B0A65}.Release|Any CPU.Build.0 = Release|Any CPU
	EndGlobalSection
EndGlobal
